// !$*UTF8*$!
{
	archiveVersion = 1;
	classes = {
	};
	objectVersion = 50;
	objects = {

/* Begin PBXBuildFile section */
		E5A3AFDA2417EDA000D9856A /* AppDelegate.swift in Sources */ = {isa = PBXBuildFile; fileRef = E5A3AFD92417EDA000D9856A /* AppDelegate.swift */; };
		E5A3AFDC2417EDA000D9856A /* SceneDelegate.swift in Sources */ = {isa = PBXBuildFile; fileRef = E5A3AFDB2417EDA000D9856A /* SceneDelegate.swift */; };
		E5A3AFDE2417EDA000D9856A /* ViewController.swift in Sources */ = {isa = PBXBuildFile; fileRef = E5A3AFDD2417EDA000D9856A /* ViewController.swift */; };
		E5A3AFE12417EDA000D9856A /* Main.storyboard in Resources */ = {isa = PBXBuildFile; fileRef = E5A3AFDF2417EDA000D9856A /* Main.storyboard */; };
		E5A3AFE32417EDA200D9856A /* Assets.xcassets in Resources */ = {isa = PBXBuildFile; fileRef = E5A3AFE22417EDA200D9856A /* Assets.xcassets */; };
		E5A3AFE62417EDA200D9856A /* LaunchScreen.storyboard in Resources */ = {isa = PBXBuildFile; fileRef = E5A3AFE42417EDA200D9856A /* LaunchScreen.storyboard */; };
		E5A3AFF12417EDA200D9856A /* In_Class_Tabs_HW6Tests.swift in Sources */ = {isa = PBXBuildFile; fileRef = E5A3AFF02417EDA200D9856A /* In_Class_Tabs_HW6Tests.swift */; };
		E5A3AFFC2417EDA200D9856A /* In_Class_Tabs_HW6UITests.swift in Sources */ = {isa = PBXBuildFile; fileRef = E5A3AFFB2417EDA200D9856A /* In_Class_Tabs_HW6UITests.swift */; };
		E5A3B00A2417F1F700D9856A /* TakeOffVC.swift in Sources */ = {isa = PBXBuildFile; fileRef = E5A3B0092417F1F700D9856A /* TakeOffVC.swift */; };
		E5A3B00C2417F20F00D9856A /* IndoxVC.swift in Sources */ = {isa = PBXBuildFile; fileRef = E5A3B00B2417F20F00D9856A /* IndoxVC.swift */; };
		E5A3B00E2417F22700D9856A /* ProfileVC.swift in Sources */ = {isa = PBXBuildFile; fileRef = E5A3B00D2417F22700D9856A /* ProfileVC.swift */; };
		E5A3B0122417F31D00D9856A /* ManagementTabVCViewController.swift in Sources */ = {isa = PBXBuildFile; fileRef = E5A3B0112417F31D00D9856A /* ManagementTabVCViewController.swift */; };
/* End PBXBuildFile section */

/* Begin PBXContainerItemProxy section */
		E5A3AFED2417EDA200D9856A /* PBXContainerItemProxy */ = {
			isa = PBXContainerItemProxy;
			containerPortal = E5A3AFCE2417EDA000D9856A /* Project object */;
			proxyType = 1;
			remoteGlobalIDString = E5A3AFD52417EDA000D9856A;
			remoteInfo = "In-Class-Tabs-HW6";
		};
		E5A3AFF82417EDA200D9856A /* PBXContainerItemProxy */ = {
			isa = PBXContainerItemProxy;
			containerPortal = E5A3AFCE2417EDA000D9856A /* Project object */;
			proxyType = 1;
			remoteGlobalIDString = E5A3AFD52417EDA000D9856A;
			remoteInfo = "In-Class-Tabs-HW6";
		};
/* End PBXContainerItemProxy section */

/* Begin PBXFileReference section */
		E5A3AFD62417EDA000D9856A /* In-Class-Tabs-HW6.app */ = {isa = PBXFileReference; explicitFileType = wrapper.application; includeInIndex = 0; path = "In-Class-Tabs-HW6.app"; sourceTree = BUILT_PRODUCTS_DIR; };
		E5A3AFD92417EDA000D9856A /* AppDelegate.swift */ = {isa = PBXFileReference; lastKnownFileType = sourcecode.swift; path = AppDelegate.swift; sourceTree = "<group>"; };
		E5A3AFDB2417EDA000D9856A /* SceneDelegate.swift */ = {isa = PBXFileReference; lastKnownFileType = sourcecode.swift; path = SceneDelegate.swift; sourceTree = "<group>"; };
		E5A3AFDD2417EDA000D9856A /* ViewController.swift */ = {isa = PBXFileReference; lastKnownFileType = sourcecode.swift; path = ViewController.swift; sourceTree = "<group>"; };
		E5A3AFE02417EDA000D9856A /* Base */ = {isa = PBXFileReference; lastKnownFileType = file.storyboard; name = Base; path = Base.lproj/Main.storyboard; sourceTree = "<group>"; };
		E5A3AFE22417EDA200D9856A /* Assets.xcassets */ = {isa = PBXFileReference; lastKnownFileType = folder.assetcatalog; path = Assets.xcassets; sourceTree = "<group>"; };
		E5A3AFE52417EDA200D9856A /* Base */ = {isa = PBXFileReference; lastKnownFileType = file.storyboard; name = Base; path = Base.lproj/LaunchScreen.storyboard; sourceTree = "<group>"; };
		E5A3AFE72417EDA200D9856A /* Info.plist */ = {isa = PBXFileReference; lastKnownFileType = text.plist.xml; path = Info.plist; sourceTree = "<group>"; };
		E5A3AFEC2417EDA200D9856A /* In-Class-Tabs-HW6Tests.xctest */ = {isa = PBXFileReference; explicitFileType = wrapper.cfbundle; includeInIndex = 0; path = "In-Class-Tabs-HW6Tests.xctest"; sourceTree = BUILT_PRODUCTS_DIR; };
		E5A3AFF02417EDA200D9856A /* In_Class_Tabs_HW6Tests.swift */ = {isa = PBXFileReference; lastKnownFileType = sourcecode.swift; path = In_Class_Tabs_HW6Tests.swift; sourceTree = "<group>"; };
		E5A3AFF22417EDA200D9856A /* Info.plist */ = {isa = PBXFileReference; lastKnownFileType = text.plist.xml; path = Info.plist; sourceTree = "<group>"; };
		E5A3AFF72417EDA200D9856A /* In-Class-Tabs-HW6UITests.xctest */ = {isa = PBXFileReference; explicitFileType = wrapper.cfbundle; includeInIndex = 0; path = "In-Class-Tabs-HW6UITests.xctest"; sourceTree = BUILT_PRODUCTS_DIR; };
		E5A3AFFB2417EDA200D9856A /* In_Class_Tabs_HW6UITests.swift */ = {isa = PBXFileReference; lastKnownFileType = sourcecode.swift; path = In_Class_Tabs_HW6UITests.swift; sourceTree = "<group>"; };
		E5A3AFFD2417EDA200D9856A /* Info.plist */ = {isa = PBXFileReference; lastKnownFileType = text.plist.xml; path = Info.plist; sourceTree = "<group>"; };
		E5A3B0092417F1F700D9856A /* TakeOffVC.swift */ = {isa = PBXFileReference; lastKnownFileType = sourcecode.swift; path = TakeOffVC.swift; sourceTree = "<group>"; };
		E5A3B00B2417F20F00D9856A /* IndoxVC.swift */ = {isa = PBXFileReference; lastKnownFileType = sourcecode.swift; path = IndoxVC.swift; sourceTree = "<group>"; };
		E5A3B00D2417F22700D9856A /* ProfileVC.swift */ = {isa = PBXFileReference; lastKnownFileType = sourcecode.swift; path = ProfileVC.swift; sourceTree = "<group>"; };
		E5A3B0112417F31D00D9856A /* ManagementTabVCViewController.swift */ = {isa = PBXFileReference; lastKnownFileType = sourcecode.swift; path = ManagementTabVCViewController.swift; sourceTree = "<group>"; };
/* End PBXFileReference section */

/* Begin PBXFrameworksBuildPhase section */
		E5A3AFD32417EDA000D9856A /* Frameworks */ = {
			isa = PBXFrameworksBuildPhase;
			buildActionMask = 2147483647;
			files = (
			);
			runOnlyForDeploymentPostprocessing = 0;
		};
		E5A3AFE92417EDA200D9856A /* Frameworks */ = {
			isa = PBXFrameworksBuildPhase;
			buildActionMask = 2147483647;
			files = (
			);
			runOnlyForDeploymentPostprocessing = 0;
		};
		E5A3AFF42417EDA200D9856A /* Frameworks */ = {
			isa = PBXFrameworksBuildPhase;
			buildActionMask = 2147483647;
			files = (
			);
			runOnlyForDeploymentPostprocessing = 0;
		};
/* End PBXFrameworksBuildPhase section */

/* Begin PBXGroup section */
		E5A3AFCD2417EDA000D9856A = {
			isa = PBXGroup;
			children = (
				E5A3AFD82417EDA000D9856A /* In-Class-Tabs-HW6 */,
				E5A3AFEF2417EDA200D9856A /* In-Class-Tabs-HW6Tests */,
				E5A3AFFA2417EDA200D9856A /* In-Class-Tabs-HW6UITests */,
				E5A3AFD72417EDA000D9856A /* Products */,
			);
			sourceTree = "<group>";
		};
		E5A3AFD72417EDA000D9856A /* Products */ = {
			isa = PBXGroup;
			children = (
				E5A3AFD62417EDA000D9856A /* In-Class-Tabs-HW6.app */,
				E5A3AFEC2417EDA200D9856A /* In-Class-Tabs-HW6Tests.xctest */,
				E5A3AFF72417EDA200D9856A /* In-Class-Tabs-HW6UITests.xctest */,
			);
			name = Products;
			sourceTree = "<group>";
		};
		E5A3AFD82417EDA000D9856A /* In-Class-Tabs-HW6 */ = {
			isa = PBXGroup;
			children = (
				E5A3AFD92417EDA000D9856A /* AppDelegate.swift */,
				E5A3AFDB2417EDA000D9856A /* SceneDelegate.swift */,
				E5A3AFDD2417EDA000D9856A /* ViewController.swift */,
				E5A3AFDF2417EDA000D9856A /* Main.storyboard */,
				E5A3B0112417F31D00D9856A /* ManagementTabVCViewController.swift */,
				E5A3B00D2417F22700D9856A /* ProfileVC.swift */,
				E5A3B00B2417F20F00D9856A /* IndoxVC.swift */,
				E5A3B0092417F1F700D9856A /* TakeOffVC.swift */,
				E5A3AFE22417EDA200D9856A /* Assets.xcassets */,
				E5A3AFE42417EDA200D9856A /* LaunchScreen.storyboard */,
				E5A3AFE72417EDA200D9856A /* Info.plist */,
			);
			path = "In-Class-Tabs-HW6";
			sourceTree = "<group>";
		};
		E5A3AFEF2417EDA200D9856A /* In-Class-Tabs-HW6Tests */ = {
			isa = PBXGroup;
			children = (
				E5A3AFF02417EDA200D9856A /* In_Class_Tabs_HW6Tests.swift */,
				E5A3AFF22417EDA200D9856A /* Info.plist */,
			);
			path = "In-Class-Tabs-HW6Tests";
			sourceTree = "<group>";
		};
		E5A3AFFA2417EDA200D9856A /* In-Class-Tabs-HW6UITests */ = {
			isa = PBXGroup;
			children = (
				E5A3AFFB2417EDA200D9856A /* In_Class_Tabs_HW6UITests.swift */,
				E5A3AFFD2417EDA200D9856A /* Info.plist */,
			);
			path = "In-Class-Tabs-HW6UITests";
			sourceTree = "<group>";
		};
/* End PBXGroup section */

/* Begin PBXNativeTarget section */
		E5A3AFD52417EDA000D9856A /* In-Class-Tabs-HW6 */ = {
			isa = PBXNativeTarget;
			buildConfigurationList = E5A3B0002417EDA200D9856A /* Build configuration list for PBXNativeTarget "In-Class-Tabs-HW6" */;
			buildPhases = (
				E5A3AFD22417EDA000D9856A /* Sources */,
				E5A3AFD32417EDA000D9856A /* Frameworks */,
				E5A3AFD42417EDA000D9856A /* Resources */,
			);
			buildRules = (
			);
			dependencies = (
			);
			name = "In-Class-Tabs-HW6";
			productName = "In-Class-Tabs-HW6";
			productReference = E5A3AFD62417EDA000D9856A /* In-Class-Tabs-HW6.app */;
			productType = "com.apple.product-type.application";
		};
		E5A3AFEB2417EDA200D9856A /* In-Class-Tabs-HW6Tests */ = {
			isa = PBXNativeTarget;
			buildConfigurationList = E5A3B0032417EDA200D9856A /* Build configuration list for PBXNativeTarget "In-Class-Tabs-HW6Tests" */;
			buildPhases = (
				E5A3AFE82417EDA200D9856A /* Sources */,
				E5A3AFE92417EDA200D9856A /* Frameworks */,
				E5A3AFEA2417EDA200D9856A /* Resources */,
			);
			buildRules = (
			);
			dependencies = (
				E5A3AFEE2417EDA200D9856A /* PBXTargetDependency */,
			);
			name = "In-Class-Tabs-HW6Tests";
			productName = "In-Class-Tabs-HW6Tests";
			productReference = E5A3AFEC2417EDA200D9856A /* In-Class-Tabs-HW6Tests.xctest */;
			productType = "com.apple.product-type.bundle.unit-test";
		};
		E5A3AFF62417EDA200D9856A /* In-Class-Tabs-HW6UITests */ = {
			isa = PBXNativeTarget;
			buildConfigurationList = E5A3B0062417EDA200D9856A /* Build configuration list for PBXNativeTarget "In-Class-Tabs-HW6UITests" */;
			buildPhases = (
				E5A3AFF32417EDA200D9856A /* Sources */,
				E5A3AFF42417EDA200D9856A /* Frameworks */,
				E5A3AFF52417EDA200D9856A /* Resources */,
			);
			buildRules = (
			);
			dependencies = (
				E5A3AFF92417EDA200D9856A /* PBXTargetDependency */,
			);
			name = "In-Class-Tabs-HW6UITests";
			productName = "In-Class-Tabs-HW6UITests";
			productReference = E5A3AFF72417EDA200D9856A /* In-Class-Tabs-HW6UITests.xctest */;
			productType = "com.apple.product-type.bundle.ui-testing";
		};
/* End PBXNativeTarget section */

/* Begin PBXProject section */
		E5A3AFCE2417EDA000D9856A /* Project object */ = {
			isa = PBXProject;
			attributes = {
				LastSwiftUpdateCheck = 1130;
				LastUpgradeCheck = 1130;
				ORGANIZATIONNAME = "Trevor Momeyer";
				TargetAttributes = {
					E5A3AFD52417EDA000D9856A = {
						CreatedOnToolsVersion = 11.3.1;
					};
					E5A3AFEB2417EDA200D9856A = {
						CreatedOnToolsVersion = 11.3.1;
						TestTargetID = E5A3AFD52417EDA000D9856A;
					};
					E5A3AFF62417EDA200D9856A = {
						CreatedOnToolsVersion = 11.3.1;
						TestTargetID = E5A3AFD52417EDA000D9856A;
					};
				};
			};
			buildConfigurationList = E5A3AFD12417EDA000D9856A /* Build configuration list for PBXProject "In-Class-Tabs-HW6" */;
			compatibilityVersion = "Xcode 9.3";
			developmentRegion = en;
			hasScannedForEncodings = 0;
			knownRegions = (
				en,
				Base,
			);
			mainGroup = E5A3AFCD2417EDA000D9856A;
			productRefGroup = E5A3AFD72417EDA000D9856A /* Products */;
			projectDirPath = "";
			projectRoot = "";
			targets = (
				E5A3AFD52417EDA000D9856A /* In-Class-Tabs-HW6 */,
				E5A3AFEB2417EDA200D9856A /* In-Class-Tabs-HW6Tests */,
				E5A3AFF62417EDA200D9856A /* In-Class-Tabs-HW6UITests */,
			);
		};
/* End PBXProject section */

/* Begin PBXResourcesBuildPhase section */
		E5A3AFD42417EDA000D9856A /* Resources */ = {
			isa = PBXResourcesBuildPhase;
			buildActionMask = 2147483647;
			files = (
				E5A3AFE62417EDA200D9856A /* LaunchScreen.storyboard in Resources */,
				E5A3AFE32417EDA200D9856A /* Assets.xcassets in Resources */,
				E5A3AFE12417EDA000D9856A /* Main.storyboard in Resources */,
			);
			runOnlyForDeploymentPostprocessing = 0;
		};
		E5A3AFEA2417EDA200D9856A /* Resources */ = {
			isa = PBXResourcesBuildPhase;
			buildActionMask = 2147483647;
			files = (
			);
			runOnlyForDeploymentPostprocessing = 0;
		};
		E5A3AFF52417EDA200D9856A /* Resources */ = {
			isa = PBXResourcesBuildPhase;
			buildActionMask = 2147483647;
			files = (
			);
			runOnlyForDeploymentPostprocessing = 0;
		};
/* End PBXResourcesBuildPhase section */

/* Begin PBXSourcesBuildPhase section */
		E5A3AFD22417EDA000D9856A /* Sources */ = {
			isa = PBXSourcesBuildPhase;
			buildActionMask = 2147483647;
			files = (
				E5A3B00E2417F22700D9856A /* ProfileVC.swift in Sources */,
				E5A3AFDE2417EDA000D9856A /* ViewController.swift in Sources */,
				E5A3AFDA2417EDA000D9856A /* AppDelegate.swift in Sources */,
				E5A3B0122417F31D00D9856A /* ManagementTabVCViewController.swift in Sources */,
				E5A3AFDC2417EDA000D9856A /* SceneDelegate.swift in Sources */,
				E5A3B00A2417F1F700D9856A /* TakeOffVC.swift in Sources */,
				E5A3B00C2417F20F00D9856A /* IndoxVC.swift in Sources */,
			);
			runOnlyForDeploymentPostprocessing = 0;
		};
		E5A3AFE82417EDA200D9856A /* Sources */ = {
			isa = PBXSourcesBuildPhase;
			buildActionMask = 2147483647;
			files = (
				E5A3AFF12417EDA200D9856A /* In_Class_Tabs_HW6Tests.swift in Sources */,
			);
			runOnlyForDeploymentPostprocessing = 0;
		};
		E5A3AFF32417EDA200D9856A /* Sources */ = {
			isa = PBXSourcesBuildPhase;
			buildActionMask = 2147483647;
			files = (
				E5A3AFFC2417EDA200D9856A /* In_Class_Tabs_HW6UITests.swift in Sources */,
			);
			runOnlyForDeploymentPostprocessing = 0;
		};
/* End PBXSourcesBuildPhase section */

/* Begin PBXTargetDependency section */
		E5A3AFEE2417EDA200D9856A /* PBXTargetDependency */ = {
			isa = PBXTargetDependency;
			target = E5A3AFD52417EDA000D9856A /* In-Class-Tabs-HW6 */;
			targetProxy = E5A3AFED2417EDA200D9856A /* PBXContainerItemProxy */;
		};
		E5A3AFF92417EDA200D9856A /* PBXTargetDependency */ = {
			isa = PBXTargetDependency;
			target = E5A3AFD52417EDA000D9856A /* In-Class-Tabs-HW6 */;
			targetProxy = E5A3AFF82417EDA200D9856A /* PBXContainerItemProxy */;
		};
/* End PBXTargetDependency section */

/* Begin PBXVariantGroup section */
		E5A3AFDF2417EDA000D9856A /* Main.storyboard */ = {
			isa = PBXVariantGroup;
			children = (
				E5A3AFE02417EDA000D9856A /* Base */,
			);
			name = Main.storyboard;
			sourceTree = "<group>";
		};
		E5A3AFE42417EDA200D9856A /* LaunchScreen.storyboard */ = {
			isa = PBXVariantGroup;
			children = (
				E5A3AFE52417EDA200D9856A /* Base */,
			);
			name = LaunchScreen.storyboard;
			sourceTree = "<group>";
		};
/* End PBXVariantGroup section */

/* Begin XCBuildConfiguration section */
		E5A3AFFE2417EDA200D9856A /* Debug */ = {
			isa = XCBuildConfiguration;
			buildSettings = {
				ALWAYS_SEARCH_USER_PATHS = NO;
				CLANG_ANALYZER_NONNULL = YES;
				CLANG_ANALYZER_NUMBER_OBJECT_CONVERSION = YES_AGGRESSIVE;
				CLANG_CXX_LANGUAGE_STANDARD = "gnu++14";
				CLANG_CXX_LIBRARY = "libc++";
				CLANG_ENABLE_MODULES = YES;
				CLANG_ENABLE_OBJC_ARC = YES;
				CLANG_ENABLE_OBJC_WEAK = YES;
				CLANG_WARN_BLOCK_CAPTURE_AUTORELEASING = YES;
				CLANG_WARN_BOOL_CONVERSION = YES;
				CLANG_WARN_COMMA = YES;
				CLANG_WARN_CONSTANT_CONVERSION = YES;
				CLANG_WARN_DEPRECATED_OBJC_IMPLEMENTATIONS = YES;
				CLANG_WARN_DIRECT_OBJC_ISA_USAGE = YES_ERROR;
				CLANG_WARN_DOCUMENTATION_COMMENTS = YES;
				CLANG_WARN_EMPTY_BODY = YES;
				CLANG_WARN_ENUM_CONVERSION = YES;
				CLANG_WARN_INFINITE_RECURSION = YES;
				CLANG_WARN_INT_CONVERSION = YES;
				CLANG_WARN_NON_LITERAL_NULL_CONVERSION = YES;
				CLANG_WARN_OBJC_IMPLICIT_RETAIN_SELF = YES;
				CLANG_WARN_OBJC_LITERAL_CONVERSION = YES;
				CLANG_WARN_OBJC_ROOT_CLASS = YES_ERROR;
				CLANG_WARN_RANGE_LOOP_ANALYSIS = YES;
				CLANG_WARN_STRICT_PROTOTYPES = YES;
				CLANG_WARN_SUSPICIOUS_MOVE = YES;
				CLANG_WARN_UNGUARDED_AVAILABILITY = YES_AGGRESSIVE;
				CLANG_WARN_UNREACHABLE_CODE = YES;
				CLANG_WARN__DUPLICATE_METHOD_MATCH = YES;
				COPY_PHASE_STRIP = NO;
				DEBUG_INFORMATION_FORMAT = dwarf;
				ENABLE_STRICT_OBJC_MSGSEND = YES;
				ENABLE_TESTABILITY = YES;
				GCC_C_LANGUAGE_STANDARD = gnu11;
				GCC_DYNAMIC_NO_PIC = NO;
				GCC_NO_COMMON_BLOCKS = YES;
				GCC_OPTIMIZATION_LEVEL = 0;
				GCC_PREPROCESSOR_DEFINITIONS = (
					"DEBUG=1",
					"$(inherited)",
				);
				GCC_WARN_64_TO_32_BIT_CONVERSION = YES;
				GCC_WARN_ABOUT_RETURN_TYPE = YES_ERROR;
				GCC_WARN_UNDECLARED_SELECTOR = YES;
				GCC_WARN_UNINITIALIZED_AUTOS = YES_AGGRESSIVE;
				GCC_WARN_UNUSED_FUNCTION = YES;
				GCC_WARN_UNUSED_VARIABLE = YES;
				IPHONEOS_DEPLOYMENT_TARGET = 13.2;
				MTL_ENABLE_DEBUG_INFO = INCLUDE_SOURCE;
				MTL_FAST_MATH = YES;
				ONLY_ACTIVE_ARCH = YES;
				SDKROOT = iphoneos;
				SWIFT_ACTIVE_COMPILATION_CONDITIONS = DEBUG;
				SWIFT_OPTIMIZATION_LEVEL = "-Onone";
			};
			name = Debug;
		};
		E5A3AFFF2417EDA200D9856A /* Release */ = {
			isa = XCBuildConfiguration;
			buildSettings = {
				ALWAYS_SEARCH_USER_PATHS = NO;
				CLANG_ANALYZER_NONNULL = YES;
				CLANG_ANALYZER_NUMBER_OBJECT_CONVERSION = YES_AGGRESSIVE;
				CLANG_CXX_LANGUAGE_STANDARD = "gnu++14";
				CLANG_CXX_LIBRARY = "libc++";
				CLANG_ENABLE_MODULES = YES;
				CLANG_ENABLE_OBJC_ARC = YES;
				CLANG_ENABLE_OBJC_WEAK = YES;
				CLANG_WARN_BLOCK_CAPTURE_AUTORELEASING = YES;
				CLANG_WARN_BOOL_CONVERSION = YES;
				CLANG_WARN_COMMA = YES;
				CLANG_WARN_CONSTANT_CONVERSION = YES;
				CLANG_WARN_DEPRECATED_OBJC_IMPLEMENTATIONS = YES;
				CLANG_WARN_DIRECT_OBJC_ISA_USAGE = YES_ERROR;
				CLANG_WARN_DOCUMENTATION_COMMENTS = YES;
				CLANG_WARN_EMPTY_BODY = YES;
				CLANG_WARN_ENUM_CONVERSION = YES;
				CLANG_WARN_INFINITE_RECURSION = YES;
				CLANG_WARN_INT_CONVERSION = YES;
				CLANG_WARN_NON_LITERAL_NULL_CONVERSION = YES;
				CLANG_WARN_OBJC_IMPLICIT_RETAIN_SELF = YES;
				CLANG_WARN_OBJC_LITERAL_CONVERSION = YES;
				CLANG_WARN_OBJC_ROOT_CLASS = YES_ERROR;
				CLANG_WARN_RANGE_LOOP_ANALYSIS = YES;
				CLANG_WARN_STRICT_PROTOTYPES = YES;
				CLANG_WARN_SUSPICIOUS_MOVE = YES;
				CLANG_WARN_UNGUARDED_AVAILABILITY = YES_AGGRESSIVE;
				CLANG_WARN_UNREACHABLE_CODE = YES;
				CLANG_WARN__DUPLICATE_METHOD_MATCH = YES;
				COPY_PHASE_STRIP = NO;
				DEBUG_INFORMATION_FORMAT = "dwarf-with-dsym";
				ENABLE_NS_ASSERTIONS = NO;
				ENABLE_STRICT_OBJC_MSGSEND = YES;
				GCC_C_LANGUAGE_STANDARD = gnu11;
				GCC_NO_COMMON_BLOCKS = YES;
				GCC_WARN_64_TO_32_BIT_CONVERSION = YES;
				GCC_WARN_ABOUT_RETURN_TYPE = YES_ERROR;
				GCC_WARN_UNDECLARED_SELECTOR = YES;
				GCC_WARN_UNINITIALIZED_AUTOS = YES_AGGRESSIVE;
				GCC_WARN_UNUSED_FUNCTION = YES;
				GCC_WARN_UNUSED_VARIABLE = YES;
				IPHONEOS_DEPLOYMENT_TARGET = 13.2;
				MTL_ENABLE_DEBUG_INFO = NO;
				MTL_FAST_MATH = YES;
				SDKROOT = iphoneos;
				SWIFT_COMPILATION_MODE = wholemodule;
				SWIFT_OPTIMIZATION_LEVEL = "-O";
				VALIDATE_PRODUCT = YES;
			};
			name = Release;
		};
		E5A3B0012417EDA200D9856A /* Debug */ = {
			isa = XCBuildConfiguration;
			buildSettings = {
				ASSETCATALOG_COMPILER_APPICON_NAME = AppIcon;
				CODE_SIGN_STYLE = Automatic;
				DEVELOPMENT_TEAM = QBUPU4UH3X;
				INFOPLIST_FILE = "In-Class-Tabs-HW6/Info.plist";
				LD_RUNPATH_SEARCH_PATHS = (
					"$(inherited)",
					"@executable_path/Frameworks",
				);
				PRODUCT_BUNDLE_IDENTIFIER = "shu.In-Class-Tabs-HW6";
				PRODUCT_NAME = "$(TARGET_NAME)";
				SWIFT_VERSION = 5.0;
				TARGETED_DEVICE_FAMILY = "1,2";
			};
			name = Debug;
		};
		E5A3B0022417EDA200D9856A /* Release */ = {
			isa = XCBuildConfiguration;
			buildSettings = {
				ASSETCATALOG_COMPILER_APPICON_NAME = AppIcon;
				CODE_SIGN_STYLE = Automatic;
				DEVELOPMENT_TEAM = QBUPU4UH3X;
				INFOPLIST_FILE = "In-Class-Tabs-HW6/Info.plist";
				LD_RUNPATH_SEARCH_PATHS = (
					"$(inherited)",
					"@executable_path/Frameworks",
				);
				PRODUCT_BUNDLE_IDENTIFIER = "shu.In-Class-Tabs-HW6";
				PRODUCT_NAME = "$(TARGET_NAME)";
				SWIFT_VERSION = 5.0;
				TARGETED_DEVICE_FAMILY = "1,2";
			};
			name = Release;
		};
		E5A3B0042417EDA200D9856A /* Debug */ = {
			isa = XCBuildConfiguration;
			buildSettings = {
				ALWAYS_EMBED_SWIFT_STANDARD_LIBRARIES = YES;
				BUNDLE_LOADER = "$(TEST_HOST)";
				CODE_SIGN_STYLE = Automatic;
				DEVELOPMENT_TEAM = QBUPU4UH3X;
				INFOPLIST_FILE = "In-Class-Tabs-HW6Tests/Info.plist";
				IPHONEOS_DEPLOYMENT_TARGET = 13.2;
				LD_RUNPATH_SEARCH_PATHS = (
					"$(inherited)",
					"@executable_path/Frameworks",
					"@loader_path/Frameworks",
				);
				PRODUCT_BUNDLE_IDENTIFIER = "shu.In-Class-Tabs-HW6Tests";
				PRODUCT_NAME = "$(TARGET_NAME)";
				SWIFT_VERSION = 5.0;
				TARGETED_DEVICE_FAMILY = "1,2";
				TEST_HOST = "$(BUILT_PRODUCTS_DIR)/In-Class-Tabs-HW6.app/In-Class-Tabs-HW6";
			};
			name = Debug;
		};
		E5A3B0052417EDA200D9856A /* Release */ = {
			isa = XCBuildConfiguration;
			buildSettings = {
				ALWAYS_EMBED_SWIFT_STANDARD_LIBRARIES = YES;
				BUNDLE_LOADER = "$(TEST_HOST)";
				CODE_SIGN_STYLE = Automatic;
				DEVELOPMENT_TEAM = QBUPU4UH3X;
				INFOPLIST_FILE = "In-Class-Tabs-HW6Tests/Info.plist";
				IPHONEOS_DEPLOYMENT_TARGET = 13.2;
				LD_RUNPATH_SEARCH_PATHS = (
					"$(inherited)",
					"@executable_path/Frameworks",
					"@loader_path/Frameworks",
				);
				PRODUCT_BUNDLE_IDENTIFIER = "shu.In-Class-Tabs-HW6Tests";
				PRODUCT_NAME = "$(TARGET_NAME)";
				SWIFT_VERSION = 5.0;
				TARGETED_DEVICE_FAMILY = "1,2";
				TEST_HOST = "$(BUILT_PRODUCTS_DIR)/In-Class-Tabs-HW6.app/In-Class-Tabs-HW6";
			};
			name = Release;
		};
		E5A3B0072417EDA200D9856A /* Debug */ = {
			isa = XCBuildConfiguration;
			buildSettings = {
				ALWAYS_EMBED_SWIFT_STANDARD_LIBRARIES = YES;
				CODE_SIGN_STYLE = Automatic;
				DEVELOPMENT_TEAM = QBUPU4UH3X;
				INFOPLIST_FILE = "In-Class-Tabs-HW6UITests/Info.plist";
				LD_RUNPATH_SEARCH_PATHS = (
					"$(inherited)",
					"@executable_path/Frameworks",
					"@loader_path/Frameworks",
				);
				PRODUCT_BUNDLE_IDENTIFIER = "shu.In-Class-Tabs-HW6UITests";
				PRODUCT_NAME = "$(TARGET_NAME)";
				SWIFT_VERSION = 5.0;
				TARGETED_DEVICE_FAMILY = "1,2";
				TEST_TARGET_NAME = "In-Class-Tabs-HW6";
			};
			name = Debug;
		};
		E5A3B0082417EDA200D9856A /* Release */ = {
			isa = XCBuildConfiguration;
			buildSettings = {
				ALWAYS_EMBED_SWIFT_STANDARD_LIBRARIES = YES;
				CODE_SIGN_STYLE = Automatic;
				DEVELOPMENT_TEAM = QBUPU4UH3X;
				INFOPLIST_FILE = "In-Class-Tabs-HW6UITests/Info.plist";
				LD_RUNPATH_SEARCH_PATHS = (
					"$(inherited)",
					"@executable_path/Frameworks",
					"@loader_path/Frameworks",
				);
				PRODUCT_BUNDLE_IDENTIFIER = "shu.In-Class-Tabs-HW6UITests";
				PRODUCT_NAME = "$(TARGET_NAME)";
				SWIFT_VERSION = 5.0;
				TARGETED_DEVICE_FAMILY = "1,2";
				TEST_TARGET_NAME = "In-Class-Tabs-HW6";
			};
			name = Release;
		};
/* End XCBuildConfiguration section */

/* Begin XCConfigurationList section */
		E5A3AFD12417EDA000D9856A /* Build configuration list for PBXProject "In-Class-Tabs-HW6" */ = {
			isa = XCConfigurationList;
			buildConfigurations = (
				E5A3AFFE2417EDA200D9856A /* Debug */,
				E5A3AFFF2417EDA200D9856A /* Release */,
			);
			defaultConfigurationIsVisible = 0;
			defaultConfigurationName = Release;
		};
		E5A3B0002417EDA200D9856A /* Build configuration list for PBXNativeTarget "In-Class-Tabs-HW6" */ = {
			isa = XCConfigurationList;
			buildConfigurations = (
				E5A3B0012417EDA200D9856A /* Debug */,
				E5A3B0022417EDA200D9856A /* Release */,
			);
			defaultConfigurationIsVisible = 0;
			defaultConfigurationName = Release;
		};
		E5A3B0032417EDA200D9856A /* Build configuration list for PBXNativeTarget "In-Class-Tabs-HW6Tests" */ = {
			isa = XCConfigurationList;
			buildConfigurations = (
				E5A3B0042417EDA200D9856A /* Debug */,
				E5A3B0052417EDA200D9856A /* Release */,
			);
			defaultConfigurationIsVisible = 0;
			defaultConfigurationName = Release;
		};
		E5A3B0062417EDA200D9856A /* Build configuration list for PBXNativeTarget "In-Class-Tabs-HW6UITests" */ = {
			isa = XCConfigurationList;
			buildConfigurations = (
				E5A3B0072417EDA200D9856A /* Debug */,
				E5A3B0082417EDA200D9856A /* Release */,
			);
			defaultConfigurationIsVisible = 0;
			defaultConfigurationName = Release;
		};
/* End XCConfigurationList section */
	};
	rootObject = E5A3AFCE2417EDA000D9856A /* Project object */;
}
